
Microsoft Visual Studio Solution File, Format Version 12.00
Project("{FAE04EC0-301F-11D3-BF4B-00C04F79EFBC}") = "AuthWithTelegram", "AuthWithTelegram\AuthWithTelegram.csproj", "{F4BA555E-CF5C-443F-831E-355DF39B1C67}"
EndProject
Global
	GlobalSection(SolutionConfigurationPlatforms) = preSolution
		Debug|Any CPU = Debug|Any CPU
		Release|Any CPU = Release|Any CPU
	EndGlobalSection
	GlobalSection(ProjectConfigurationPlatforms) = postSolution
		{F4BA555E-CF5C-443F-831E-355DF39B1C67}.Debug|Any CPU.ActiveCfg = Debug|Any CPU
		{F4BA555E-CF5C-443F-831E-355DF39B1C67}.Debug|Any CPU.Build.0 = Debug|Any CPU
		{F4BA555E-CF5C-443F-831E-355DF39B1C67}.Release|Any CPU.ActiveCfg = Release|Any CPU
		{F4BA555E-CF5C-443F-831E-355DF39B1C67}.Release|Any CPU.Build.0 = Release|Any CPU
	EndGlobalSection
EndGlobal
